// !$*UTF8*$!
{
	archiveVersion = 1;
	classes = {
	};
	objectVersion = 46;
	objects = {

/* Begin PBXBuildFile section */
		7982DC981B62383B002570B6 /* main.m in Sources */ = {isa = PBXBuildFile; fileRef = 7982DC971B62383B002570B6 /* main.m */; };
		7982DC9B1B62383B002570B6 /* AppDelegate.m in Sources */ = {isa = PBXBuildFile; fileRef = 7982DC9A1B62383B002570B6 /* AppDelegate.m */; };
		7982DCA11B62383B002570B6 /* Main.storyboard in Resources */ = {isa = PBXBuildFile; fileRef = 7982DC9F1B62383B002570B6 /* Main.storyboard */; };
		7982DCA31B62383B002570B6 /* Images.xcassets in Resources */ = {isa = PBXBuildFile; fileRef = 7982DCA21B62383B002570B6 /* Images.xcassets */; };
		7982DCA61B62383B002570B6 /* LaunchScreen.xib in Resources */ = {isa = PBXBuildFile; fileRef = 7982DCA41B62383B002570B6 /* LaunchScreen.xib */; };
		7982DCBE1B6238BC002570B6 /* UIActivityLabel.m in Sources */ = {isa = PBXBuildFile; fileRef = 7982DCBD1B6238BC002570B6 /* UIActivityLabel.m */; };
		7982DCC41B624945002570B6 /* TableViewController.m in Sources */ = {isa = PBXBuildFile; fileRef = 7982DCC31B624945002570B6 /* TableViewController.m */; };
/* End PBXBuildFile section */

/* Begin PBXFileReference section */
		7982DC921B62383B002570B6 /* UIActivityLabelDemo.app */ = {isa = PBXFileReference; explicitFileType = wrapper.application; includeInIndex = 0; path = UIActivityLabelDemo.app; sourceTree = BUILT_PRODUCTS_DIR; };
		7982DC961B62383B002570B6 /* Info.plist */ = {isa = PBXFileReference; lastKnownFileType = text.plist.xml; path = Info.plist; sourceTree = "<group>"; };
		7982DC971B62383B002570B6 /* main.m */ = {isa = PBXFileReference; lastKnownFileType = sourcecode.c.objc; path = main.m; sourceTree = "<group>"; };
		7982DC991B62383B002570B6 /* AppDelegate.h */ = {isa = PBXFileReference; lastKnownFileType = sourcecode.c.h; path = AppDelegate.h; sourceTree = "<group>"; };
		7982DC9A1B62383B002570B6 /* AppDelegate.m */ = {isa = PBXFileReference; lastKnownFileType = sourcecode.c.objc; path = AppDelegate.m; sourceTree = "<group>"; };
		7982DCA01B62383B002570B6 /* Base */ = {isa = PBXFileReference; lastKnownFileType = file.storyboard; name = Base; path = Base.lproj/Main.storyboard; sourceTree = "<group>"; };
		7982DCA21B62383B002570B6 /* Images.xcassets */ = {isa = PBXFileReference; lastKnownFileType = folder.assetcatalog; path = Images.xcassets; sourceTree = "<group>"; };
		7982DCA51B62383B002570B6 /* Base */ = {isa = PBXFileReference; lastKnownFileType = file.xib; name = Base; path = Base.lproj/LaunchScreen.xib; sourceTree = "<group>"; };
		7982DCBC1B6238BC002570B6 /* UIActivityLabel.h */ = {isa = PBXFileReference; fileEncoding = 4; lastKnownFileType = sourcecode.c.h; name = UIActivityLabel.h; path = UIActivityLabel/UIActivityLabel.h; sourceTree = "<group>"; };
		7982DCBD1B6238BC002570B6 /* UIActivityLabel.m */ = {isa = PBXFileReference; fileEncoding = 4; lastKnownFileType = sourcecode.c.objc; name = UIActivityLabel.m; path = UIActivityLabel/UIActivityLabel.m; sourceTree = "<group>"; };
		7982DCC21B624945002570B6 /* TableViewController.h */ = {isa = PBXFileReference; fileEncoding = 4; lastKnownFileType = sourcecode.c.h; path = TableViewController.h; sourceTree = "<group>"; };
		7982DCC31B624945002570B6 /* TableViewController.m */ = {isa = PBXFileReference; fileEncoding = 4; lastKnownFileType = sourcecode.c.objc; path = TableViewController.m; sourceTree = "<group>"; };
/* End PBXFileReference section */

/* Begin PBXFrameworksBuildPhase section */
		7982DC8F1B62383B002570B6 /* Frameworks */ = {
			isa = PBXFrameworksBuildPhase;
			buildActionMask = 2147483647;
			files = (
			);
			runOnlyForDeploymentPostprocessing = 0;
		};
/* End PBXFrameworksBuildPhase section */

/* Begin PBXGroup section */
		7982DC891B62383B002570B6 = {
			isa = PBXGroup;
			children = (
				7982DCBB1B6238A8002570B6 /* UIActivityLabel */,
				7982DC941B62383B002570B6 /* UIActivityLabelDemo */,
				7982DC931B62383B002570B6 /* Products */,
			);
			sourceTree = "<group>";
		};
		7982DC931B62383B002570B6 /* Products */ = {
			isa = PBXGroup;
			children = (
				7982DC921B62383B002570B6 /* UIActivityLabelDemo.app */,
			);
			name = Products;
			sourceTree = "<group>";
		};
		7982DC941B62383B002570B6 /* UIActivityLabelDemo */ = {
			isa = PBXGroup;
			children = (
				7982DC991B62383B002570B6 /* AppDelegate.h */,
				7982DC9A1B62383B002570B6 /* AppDelegate.m */,
				7982DC9F1B62383B002570B6 /* Main.storyboard */,
				7982DCA21B62383B002570B6 /* Images.xcassets */,
				7982DCA41B62383B002570B6 /* LaunchScreen.xib */,
				7982DC951B62383B002570B6 /* Supporting Files */,
				7982DCC21B624945002570B6 /* TableViewController.h */,
				7982DCC31B624945002570B6 /* TableViewController.m */,
			);
			path = UIActivityLabelDemo;
			sourceTree = "<group>";
		};
		7982DC951B62383B002570B6 /* Supporting Files */ = {
			isa = PBXGroup;
			children = (
				7982DC961B62383B002570B6 /* Info.plist */,
				7982DC971B62383B002570B6 /* main.m */,
			);
			name = "Supporting Files";
			sourceTree = "<group>";
		};
		7982DCBB1B6238A8002570B6 /* UIActivityLabel */ = {
			isa = PBXGroup;
			children = (
				7982DCBC1B6238BC002570B6 /* UIActivityLabel.h */,
				7982DCBD1B6238BC002570B6 /* UIActivityLabel.m */,
			);
			name = UIActivityLabel;
			sourceTree = "<group>";
		};
/* End PBXGroup section */

/* Begin PBXNativeTarget section */
		7982DC911B62383B002570B6 /* UIActivityLabelDemo */ = {
			isa = PBXNativeTarget;
			buildConfigurationList = 7982DCB51B62383B002570B6 /* Build configuration list for PBXNativeTarget "UIActivityLabelDemo" */;
			buildPhases = (
				7982DC8E1B62383B002570B6 /* Sources */,
				7982DC8F1B62383B002570B6 /* Frameworks */,
				7982DC901B62383B002570B6 /* Resources */,
			);
			buildRules = (
			);
			dependencies = (
			);
			name = UIActivityLabelDemo;
			productName = UIActivityLabelDemo;
			productReference = 7982DC921B62383B002570B6 /* UIActivityLabelDemo.app */;
			productType = "com.apple.product-type.application";
		};
/* End PBXNativeTarget section */

/* Begin PBXProject section */
		7982DC8A1B62383B002570B6 /* Project object */ = {
			isa = PBXProject;
			attributes = {
				LastUpgradeCheck = 0700;
				ORGANIZATIONNAME = G2M;
				TargetAttributes = {
					7982DC911B62383B002570B6 = {
						CreatedOnToolsVersion = 6.4;
					};
				};
			};
			buildConfigurationList = 7982DC8D1B62383B002570B6 /* Build configuration list for PBXProject "UIActivityLabelDemo" */;
			compatibilityVersion = "Xcode 3.2";
			developmentRegion = English;
			hasScannedForEncodings = 0;
			knownRegions = (
				en,
				Base,
			);
			mainGroup = 7982DC891B62383B002570B6;
			productRefGroup = 7982DC931B62383B002570B6 /* Products */;
			projectDirPath = "";
			projectRoot = "";
			targets = (
				7982DC911B62383B002570B6 /* UIActivityLabelDemo */,
			);
		};
/* End PBXProject section */

/* Begin PBXResourcesBuildPhase section */
		7982DC901B62383B002570B6 /* Resources */ = {
			isa = PBXResourcesBuildPhase;
			buildActionMask = 2147483647;
			files = (
				7982DCA11B62383B002570B6 /* Main.storyboard in Resources */,
				7982DCA61B62383B002570B6 /* LaunchScreen.xib in Resources */,
				7982DCA31B62383B002570B6 /* Images.xcassets in Resources */,
			);
			runOnlyForDeploymentPostprocessing = 0;
		};
/* End PBXResourcesBuildPhase section */

/* Begin PBXSourcesBuildPhase section */
		7982DC8E1B62383B002570B6 /* Sources */ = {
			isa = PBXSourcesBuildPhase;
			buildActionMask = 2147483647;
			files = (
				7982DC9B1B62383B002570B6 /* AppDelegate.m in Sources */,
				7982DC981B62383B002570B6 /* main.m in Sources */,
				7982DCBE1B6238BC002570B6 /* UIActivityLabel.m in Sources */,
				7982DCC41B624945002570B6 /* TableViewController.m in Sources */,
			);
			runOnlyForDeploymentPostprocessing = 0;
		};
/* End PBXSourcesBuildPhase section */

/* Begin PBXVariantGroup section */
		7982DC9F1B62383B002570B6 /* Main.storyboard */ = {
			isa = PBXVariantGroup;
			children = (
				7982DCA01B62383B002570B6 /* Base */,
			);
			name = Main.storyboard;
			sourceTree = "<group>";
		};
		7982DCA41B62383B002570B6 /* LaunchScreen.xib */ = {
			isa = PBXVariantGroup;
			children = (
				7982DCA51B62383B002570B6 /* Base */,
			);
			name = LaunchScreen.xib;
			sourceTree = "<group>";
		};
/* End PBXVariantGroup section */

/* Begin XCBuildConfiguration section */
		7982DCB31B62383B002570B6 /* Debug */ = {
			isa = XCBuildConfiguration;
			buildSettings = {
				ALWAYS_SEARCH_USER_PATHS = NO;
				CLANG_CXX_LANGUAGE_STANDARD = "gnu++0x";
				CLANG_CXX_LIBRARY = "libc++";
				CLANG_ENABLE_MODULES = YES;
				CLANG_ENABLE_OBJC_ARC = YES;
				CLANG_WARN_BOOL_CONVERSION = YES;
				CLANG_WARN_CONSTANT_CONVERSION = YES;
				CLANG_WARN_DIRECT_OBJC_ISA_USAGE = YES_ERROR;
				CLANG_WARN_EMPTY_BODY = YES;
				CLANG_WARN_ENUM_CONVERSION = YES;
				CLANG_WARN_INT_CONVERSION = YES;
				CLANG_WARN_OBJC_ROOT_CLASS = YES_ERROR;
				CLANG_WARN_UNREACHABLE_CODE = YES;
				CLANG_WARN__DUPLICATE_METHOD_MATCH = YES;
				"CODE_SIGN_IDENTITY[sdk=iphoneos*]" = "iPhone Developer";
				COPY_PHASE_STRIP = NO;
				DEBUG_INFORMATION_FORMAT = "dwarf-with-dsym";
				ENABLE_STRICT_OBJC_MSGSEND = YES;
				ENABLE_TESTABILITY = YES;
				GCC_C_LANGUAGE_STANDARD = gnu99;
				GCC_DYNAMIC_NO_PIC = NO;
				GCC_NO_COMMON_BLOCKS = YES;
				GCC_OPTIMIZATION_LEVEL = 0;
				GCC_PREPROCESSOR_DEFINITIONS = (
					"DEBUG=1",
					"$(inherited)",
				);
				GCC_SYMBOLS_PRIVATE_EXTERN = NO;
				GCC_WARN_64_TO_32_BIT_CONVERSION = YES;
				GCC_WARN_ABOUT_RETURN_TYPE = YES_ERROR;
				GCC_WARN_UNDECLARED_SELECTOR = YES;
				GCC_WARN_UNINITIALIZED_AUTOS = YES_AGGRESSIVE;
				GCC_WARN_UNUSED_FUNCTION = YES;
				GCC_WARN_UNUSED_VARIABLE = YES;
				IPHONEOS_DEPLOYMENT_TARGET = 8.4;
				MTL_ENABLE_DEBUG_INFO = YES;
				ONLY_ACTIVE_ARCH = YES;
				SDKROOT = iphoneos;
				TARGETED_DEVICE_FAMILY = "1,2";
			};
			name = Debug;
		};
		7982DCB41B62383B002570B6 /* Release */ = {
			isa = XCBuildConfiguration;
			buildSettings = {
				ALWAYS_SEARCH_USER_PATHS = NO;
				CLANG_CXX_LANGUAGE_STANDARD = "gnu++0x";
				CLANG_CXX_LIBRARY = "libc++";
				CLANG_ENABLE_MODULES = YES;
				CLANG_ENABLE_OBJC_ARC = YES;
				CLANG_WARN_BOOL_CONVERSION = YES;
				CLANG_WARN_CONSTANT_CONVERSION = YES;
				CLANG_WARN_DIRECT_OBJC_ISA_USAGE = YES_ERROR;
				CLANG_WARN_EMPTY_BODY = YES;
				CLANG_WARN_ENUM_CONVERSION = YES;
				CLANG_WARN_INT_CONVERSION = YES;
				CLANG_WARN_OBJC_ROOT_CLASS = YES_ERROR;
				CLANG_WARN_UNREACHABLE_CODE = YES;
				CLANG_WARN__DUPLICATE_METHOD_MATCH = YES;
				"CODE_SIGN_IDENTITY[sdk=iphoneos*]" = "iPhone Developer";
				COPY_PHASE_STRIP = NO;
				DEBUG_INFORMATION_FORMAT = "dwarf-with-dsym";
				ENABLE_NS_ASSERTIONS = NO;
				ENABLE_STRICT_OBJC_MSGSEND = YES;
				GCC_C_LANGUAGE_STANDARD = gnu99;
				GCC_NO_COMMON_BLOCKS = YES;
				GCC_WARN_64_TO_32_BIT_CONVERSION = YES;
				GCC_WARN_ABOUT_RETURN_TYPE = YES_ERROR;
				GCC_WARN_UNDECLARED_SELECTOR = YES;
				GCC_WARN_UNINITIALIZED_AUTOS = YES_AGGRESSIVE;
				GCC_WARN_UNUSED_FUNCTION = YES;
				GCC_WARN_UNUSED_VARIABLE = YES;
				IPHONEOS_DEPLOYMENT_TARGET = 8.4;
				MTL_ENABLE_DEBUG_INFO = NO;
				SDKROOT = iphoneos;
				TARGETED_DEVICE_FAMILY = "1,2";
				VALIDATE_PRODUCT = YES;
			};
			name = Release;
		};
		7982DCB61B62383B002570B6 /* Debug */ = {
			isa = XCBuildConfiguration;
			buildSettings = {
				ASSETCATALOG_COMPILER_APPICON_NAME = AppIcon;
				INFOPLIST_FILE = UIActivityLabelDemo/Info.plist;
				LD_RUNPATH_SEARCH_PATHS = "$(inherited) @executable_path/Frameworks";
				PRODUCT_BUNDLE_IDENTIFIER = "com.studiog2m.$(PRODUCT_NAME:rfc1034identifier)";
				PRODUCT_NAME = "$(TARGET_NAME)";
			};
			name = Debug;
		};
		7982DCB71B62383B002570B6 /* Release */ = {
			isa = XCBuildConfiguration;
			buildSettings = {
				ASSETCATALOG_COMPILER_APPICON_NAME = AppIcon;
				INFOPLIST_FILE = UIActivityLabelDemo/Info.plist;
				LD_RUNPATH_SEARCH_PATHS = "$(inherited) @executable_path/Frameworks";
				PRODUCT_BUNDLE_IDENTIFIER = "com.studiog2m.$(PRODUCT_NAME:rfc1034identifier)";
				PRODUCT_NAME = "$(TARGET_NAME)";
			};
			name = Release;
		};
/* End XCBuildConfiguration section */

/* Begin XCConfigurationList section */
		7982DC8D1B62383B002570B6 /* Build configuration list for PBXProject "UIActivityLabelDemo" */ = {
			isa = XCConfigurationList;
			buildConfigurations = (
				7982DCB31B62383B002570B6 /* Debug */,
				7982DCB41B62383B002570B6 /* Release */,
			);
			defaultConfigurationIsVisible = 0;
			defaultConfigurationName = Release;
		};
		7982DCB51B62383B002570B6 /* Build configuration list for PBXNativeTarget "UIActivityLabelDemo" */ = {
			isa = XCConfigurationList;
			buildConfigurations = (
				7982DCB61B62383B002570B6 /* Debug */,
				7982DCB71B62383B002570B6 /* Release */,
			);
			defaultConfigurationIsVisible = 0;
			defaultConfigurationName = Release;
		};
/* End XCConfigurationList section */
	};
	rootObject = 7982DC8A1B62383B002570B6 /* Project object */;
}
